
Microsoft Visual Studio Solution File, Format Version 12.00
# Visual Studio 14
VisualStudioVersion = 14.0.25420.1
MinimumVisualStudioVersion = 10.0.40219.1
Project("{FAE04EC0-301F-11D3-BF4B-00C04F79EFBC}") = "Random", "BotExample\Random.csproj", "{2BEF7D41-E2E6-48FE-A0A6-2F4688EC3CCA}"
EndProject
Project("{FAE04EC0-301F-11D3-BF4B-00C04F79EFBC}") = "Common", "Common\Common.csproj", "{93970F55-43CA-4B8B-AA50-9F6BE5EBCFDE}"
EndProject
Global
	GlobalSection(SolutionConfigurationPlatforms) = preSolution
		Debug|Any CPU = Debug|Any CPU
		Release|Any CPU = Release|Any CPU
	EndGlobalSection
	GlobalSection(ProjectConfigurationPlatforms) = postSolution
		{2BEF7D41-E2E6-48FE-A0A6-2F4688EC3CCA}.Debug|Any CPU.ActiveCfg = Debug|Any CPU
		{2BEF7D41-E2E6-48FE-A0A6-2F4688EC3CCA}.Debug|Any CPU.Build.0 = Debug|Any CPU
		{2BEF7D41-E2E6-48FE-A0A6-2F4688EC3CCA}.Release|Any CPU.ActiveCfg = Release|Any CPU
		{2BEF7D41-E2E6-48FE-A0A6-2F4688EC3CCA}.Release|Any CPU.Build.0 = Release|Any CPU
		{93970F55-43CA-4B8B-AA50-9F6BE5EBCFDE}.Debug|Any CPU.ActiveCfg = Debug|Any CPU
		{93970F55-43CA-4B8B-AA50-9F6BE5EBCFDE}.Debug|Any CPU.Build.0 = Debug|Any CPU
		{93970F55-43CA-4B8B-AA50-9F6BE5EBCFDE}.Release|Any CPU.ActiveCfg = Release|Any CPU
		{93970F55-43CA-4B8B-AA50-9F6BE5EBCFDE}.Release|Any CPU.Build.0 = Release|Any CPU
	EndGlobalSection
	GlobalSection(SolutionProperties) = preSolution
		HideSolutionNode = FALSE
	EndGlobalSection
EndGlobal
